
Microsoft Visual Studio Solution File, Format Version 12.00
# Visual Studio Version 17
VisualStudioVersion = 17.4.33205.214
MinimumVisualStudioVersion = 10.0.40219.1
Project("{9A19103F-16F7-4668-BE54-9A1E7A4F7556}") = "Geveo.Users.API.Default", "Geveo\Geveo.Users.API.Default.csproj", "{EFC2990A-F361-4137-A81A-86093D0C5B4B}"
EndProject
Project("{9A19103F-16F7-4668-BE54-9A1E7A4F7556}") = "Geveo.Users.Flow", "Geveo.Users.Flow\Geveo.Users.Flow.csproj", "{283B9285-FC73-485A-8A65-D0D990A97C3A}"
EndProject
Project("{FAE04EC0-301F-11D3-BF4B-00C04F79EFBC}") = "Geveo.Users.Contracts", "Geveo.Users.Contracts\Geveo.Users.Contracts.csproj", "{B4B4940C-0477-40A1-81E0-4F905C1FDD9F}"
EndProject
Global
	GlobalSection(SolutionConfigurationPlatforms) = preSolution
		Debug|Any CPU = Debug|Any CPU
		Release|Any CPU = Release|Any CPU
	EndGlobalSection
	GlobalSection(ProjectConfigurationPlatforms) = postSolution
		{EFC2990A-F361-4137-A81A-86093D0C5B4B}.Debug|Any CPU.ActiveCfg = Debug|Any CPU
		{EFC2990A-F361-4137-A81A-86093D0C5B4B}.Debug|Any CPU.Build.0 = Debug|Any CPU
		{EFC2990A-F361-4137-A81A-86093D0C5B4B}.Release|Any CPU.ActiveCfg = Release|Any CPU
		{EFC2990A-F361-4137-A81A-86093D0C5B4B}.Release|Any CPU.Build.0 = Release|Any CPU
		{283B9285-FC73-485A-8A65-D0D990A97C3A}.Debug|Any CPU.ActiveCfg = Debug|Any CPU
		{283B9285-FC73-485A-8A65-D0D990A97C3A}.Debug|Any CPU.Build.0 = Debug|Any CPU
		{283B9285-FC73-485A-8A65-D0D990A97C3A}.Release|Any CPU.ActiveCfg = Release|Any CPU
		{283B9285-FC73-485A-8A65-D0D990A97C3A}.Release|Any CPU.Build.0 = Release|Any CPU
		{B4B4940C-0477-40A1-81E0-4F905C1FDD9F}.Debug|Any CPU.ActiveCfg = Debug|Any CPU
		{B4B4940C-0477-40A1-81E0-4F905C1FDD9F}.Debug|Any CPU.Build.0 = Debug|Any CPU
		{B4B4940C-0477-40A1-81E0-4F905C1FDD9F}.Release|Any CPU.ActiveCfg = Release|Any CPU
		{B4B4940C-0477-40A1-81E0-4F905C1FDD9F}.Release|Any CPU.Build.0 = Release|Any CPU
	EndGlobalSection
	GlobalSection(SolutionProperties) = preSolution
		HideSolutionNode = FALSE
	EndGlobalSection
	GlobalSection(ExtensibilityGlobals) = postSolution
		SolutionGuid = {B3A97BEE-588D-4D92-8884-6C1438CA18F9}
	EndGlobalSection
EndGlobal
